<?xml version="1.0" encoding="utf-8"?>
<Project ToolsVersion="4.0" xmlns="http://schemas.microsoft.com/developer/msbuild/2003">
  <ItemGroup>
    <Filter Include="Source Files">
      <UniqueIdentifier>{4FC737F1-C7A5-4376-A066-2A32D752A2FF}</UniqueIdentifier>
      <Extensions>cpp;c;cc;cxx;c++;cppm;ixx;def;odl;idl;hpj;bat;asm;asmx</Extensions>
    </Filter>
    <Filter Include="Header Files">
      <UniqueIdentifier>{93995380-89BD-4b04-88EB-625FBE52EBFB}</UniqueIdentifier>
      <Extensions>h;hh;hpp;hxx;h++;hm;inl;inc;ipp;xsd</Extensions>
    </Filter>
    <Filter Include="Resource Files">
      <UniqueIdentifier>{67DA6AB6-F800-4c08-8B7A-83BB121AAD01}</UniqueIdentifier>
      <Extensions>rc;ico;cur;bmp;dlg;rc2;rct;bin;rgs;gif;jpg;jpeg;jpe;resx;tiff;tif;png;wav;mfcribbon-ms</Extensions>
    </Filter>
    <Filter Include="shaders">
      <UniqueIdentifier>{61ac17a3-c92d-43de-ab1a-e19a6741a658}</UniqueIdentifier>
    </Filter>
  </ItemGroup>
  <ItemGroup>
    <ClCompile Include="sourceCode\vertex.cpp">
      <Filter>Source Files</Filter>
    </ClCompile>
    <ClCompile Include="sourceCode\glad.c">
      <Filter>Source Files</Filter>
    </ClCompile>
    <ClCompile Include="sourceCode\shaderClass.cpp">
      <Filter>Source Files</Filter>
    </ClCompile>
    <ClCompile Include="sourceCode\vbo.cpp">
      <Filter>Source Files</Filter>
    </ClCompile>
    <ClCompile Include="sourceCode\ebo.cpp">
      <Filter>Source Files</Filter>
    </ClCompile>
    <ClCompile Include="sourceCode\vao.cpp">
      <Filter>Source Files</Filter>
    </ClCompile>
    <ClCompile Include="sourceCode\stb.cpp">
      <Filter>Source Files</Filter>
    </ClCompile>
    <ClCompile Include="sourceCode\texture.cpp">
      <Filter>Source Files</Filter>
    </ClCompile>
    <ClCompile Include="sourceCode\camera.cpp">
      <Filter>Source Files</Filter>
    </ClCompile>
  </ItemGroup>
  <ItemGroup>
    <ClInclude Include="sourceCode\config.h">
      <Filter>Source Files</Filter>
    </ClInclude>
    <ClInclude Include="HeaderFiles\shaderClass.h">
      <Filter>Header Files</Filter>
    </ClInclude>
    <ClInclude Include="HeaderFiles\VBO.h">
      <Filter>Header Files</Filter>
    </ClInclude>
    <ClInclude Include="HeaderFiles\EBO.h">
      <Filter>Header Files</Filter>
    </ClInclude>
    <ClInclude Include="HeaderFiles\VAO.h">
      <Filter>Header Files</Filter>
    </ClInclude>
    <ClInclude Include="HeaderFiles\TextureClass.h">
      <Filter>Header Files</Filter>
    </ClInclude>
    <ClInclude Include="HeaderFiles\camera.h">
      <Filter>Header Files</Filter>
    </ClInclude>
  </ItemGroup>
  <ItemGroup>
    <None Include="shaders\default.vert" />
    <None Include="shaders\default.frag" />
    <None Include="x64\Debug\openglproject.exe.recipe" />
    <None Include="x64\Debug\openglproject.ilk" />
    <None Include="x64\Debug\vc145.idb" />
    <None Include="x64\Debug\vc145.pdb" />
    <None Include="x64\Debug\openglproject.tlog\CL.command.1.tlog" />
    <None Include="x64\Debug\openglproject.tlog\Cl.items.tlog" />
    <None Include="x64\Debug\openglproject.tlog\CL.read.1.tlog" />
    <None Include="x64\Debug\openglproject.tlog\CL.write.1.tlog" />
    <None Include="x64\Debug\openglproject.tlog\link.command.1.tlog" />
    <None Include="x64\Debug\openglproject.tlog\link.read.1.tlog" />
    <None Include="x64\Debug\openglproject.tlog\link.secondary.1.tlog" />
    <None Include="x64\Debug\openglproject.tlog\link.write.1.tlog" />
    <None Include="x64\Debug\openglproject.tlog\openglproject.lastbuildstate" />
  </ItemGroup>
  <ItemGroup>
    <Object Include="x64\Debug\vertex.obj" />
    <Object Include="x64\Debug\ebo.obj" />
    <Object Include="x64\Debug\glad.obj" />
    <Object Include="x64\Debug\shaderClass.obj" />
    <Object Include="x64\Debug\vao.obj" />
    <Object Include="x64\Debug\vbo.obj" />
  </ItemGroup>
  <ItemGroup>
    <Text Include="x64\Debug\openglproject.Build.CppClean.log" />
    <Text Include="x64\Debug\openglproject.log" />
    <Text Include="x64\Debug\openglproject.vcxproj.FileListAbsolute.txt" />
    <Text Include="HeaderFiles\stb.h" />
  </ItemGroup>
  <ItemGroup>
    <Image Include="pop_catt.png">
      <Filter>Resource Files</Filter>
    </Image>
  </ItemGroup>
</Project>